
Microsoft Visual Studio Solution File, Format Version 12.00
# Visual Studio Version 16
VisualStudioVersion = 16.0.31624.102
MinimumVisualStudioVersion = 10.0.40219.1
Project("{FAE04EC0-301F-11D3-BF4B-00C04F79EFBC}") = "Aggry_Mole_management_system_shope", "Aggry_Mole_management_system_shope\Aggry_Mole_management_system_shope.csproj", "{51EAE05F-1AAC-4DBE-BCE3-471A0314DE48}"
EndProject
Global
	GlobalSection(SolutionConfigurationPlatforms) = preSolution
		Debug|Any CPU = Debug|Any CPU
		Release|Any CPU = Release|Any CPU
	EndGlobalSection
	GlobalSection(ProjectConfigurationPlatforms) = postSolution
		{51EAE05F-1AAC-4DBE-BCE3-471A0314DE48}.Debug|Any CPU.ActiveCfg = Debug|Any CPU
		{51EAE05F-1AAC-4DBE-BCE3-471A0314DE48}.Debug|Any CPU.Build.0 = Debug|Any CPU
		{51EAE05F-1AAC-4DBE-BCE3-471A0314DE48}.Release|Any CPU.ActiveCfg = Release|Any CPU
		{51EAE05F-1AAC-4DBE-BCE3-471A0314DE48}.Release|Any CPU.Build.0 = Release|Any CPU
	EndGlobalSection
	GlobalSection(SolutionProperties) = preSolution
		HideSolutionNode = FALSE
	EndGlobalSection
	GlobalSection(ExtensibilityGlobals) = postSolution
		SolutionGuid = {96DB50B0-9770-430E-B6F2-681125FCDA57}
	EndGlobalSection
EndGlobal
